version: 1.0
shards:
  authentic:
    github: luckyframework/authentic
    commit: 0bceeb930f5c75b4be301969c2163dd506c1d9e6

  blank:
    github: kostya/blank
    version: 0.1.0

  carbon:
    github: luckyframework/carbon
    commit: e58a02452349a0505411c7ff86508a65212da4da

  db:
    github: crystal-lang/crystal-db
    version: 0.5.0

  habitat:
    github: luckyframework/habitat
    commit: 25c1e4475f6e825cc2c073ecfb4e3c8965874a40

  lucky:
    github: luckyframework/lucky
    commit: e7610ca10ca60873396c7f3a26d08748f78eaad9

  lucky_cli:
    github: luckyframework/lucky_cli
    version: 0.9.2

  lucky_flow:
    github: luckyframework/lucky_flow
    commit: 5eb8e5192fc722ca144befda4ac19662b615ded7

  lucky_inflector:
    github: luckyframework/lucky_inflector
    version: 0.1.1

  lucky_migrator:
    github: luckyframework/lucky_migrator
    commit: 0a17cbd7334375b30a27c356fb112c672bc30353

  lucky_record:
    github: luckyframework/lucky_record
    commit: 137631c29572f0781714aa92f2894c90a548e696

  lucky_router:
    github: luckyframework/lucky_router
    version: 0.2.0

  pg:
    github: will/crystal-pg
    version: 0.14.1

  selenium:
    github: ysbaddaden/selenium-webdriver-crystal
    commit: 6ff9c1cca67b8bb6ae5bba6190a8c288e6436efa

  shell-table:
    github: jwaldrip/shell-table.cr
    version: 0.9.2

  teeplate:
    github: bcardiff/teeplate
    commit: 27475f26c2fba4f7ece929f89b6c0808cafcadb5

